
Microsoft Visual Studio Solution File, Format Version 12.00
# Visual Studio Version 16
VisualStudioVersion = 16.0.30611.23
MinimumVisualStudioVersion = 15.0.26124.0
Project("{9A19103F-16F7-4668-BE54-9A1E7A4F7556}") = "BlamanticUI", "src\Blamantic\BlamanticUI.csproj", "{264E3CB7-A0E5-473C-AFBC-C12FB901B31C}"
EndProject
Project("{2150E333-8FDC-42A3-9474-1A3956D46DE8}") = "src", "src", "{167538FD-E8BC-4A3C-AE97-F328C4DFFFA5}"
EndProject
Project("{2150E333-8FDC-42A3-9474-1A3956D46DE8}") = "doc", "doc", "{C7BF0D65-3B8A-4D2F-B9E5-B4A70162BABC}"
EndProject
Project("{9A19103F-16F7-4668-BE54-9A1E7A4F7556}") = "BlamanticUI.Server", "doc\Blamantic.Server\BlamanticUI.Server.csproj", "{2E97686D-4935-417C-AD6A-454E3802CEA4}"
EndProject
Project("{9A19103F-16F7-4668-BE54-9A1E7A4F7556}") = "BlamanticUI.Shared", "doc\Blamantic.Shared\BlamanticUI.Shared.csproj", "{10F504C9-A551-419A-BCB6-92CF9A5C7CE1}"
EndProject
Global
	GlobalSection(SolutionConfigurationPlatforms) = preSolution
		Debug|Any CPU = Debug|Any CPU
		Debug|x64 = Debug|x64
		Debug|x86 = Debug|x86
		Release|Any CPU = Release|Any CPU
		Release|x64 = Release|x64
		Release|x86 = Release|x86
	EndGlobalSection
	GlobalSection(ProjectConfigurationPlatforms) = postSolution
		{264E3CB7-A0E5-473C-AFBC-C12FB901B31C}.Debug|Any CPU.ActiveCfg = Debug|Any CPU
		{264E3CB7-A0E5-473C-AFBC-C12FB901B31C}.Debug|Any CPU.Build.0 = Debug|Any CPU
		{264E3CB7-A0E5-473C-AFBC-C12FB901B31C}.Debug|x64.ActiveCfg = Debug|Any CPU
		{264E3CB7-A0E5-473C-AFBC-C12FB901B31C}.Debug|x64.Build.0 = Debug|Any CPU
		{264E3CB7-A0E5-473C-AFBC-C12FB901B31C}.Debug|x86.ActiveCfg = Debug|Any CPU
		{264E3CB7-A0E5-473C-AFBC-C12FB901B31C}.Debug|x86.Build.0 = Debug|Any CPU
		{264E3CB7-A0E5-473C-AFBC-C12FB901B31C}.Release|Any CPU.ActiveCfg = Release|Any CPU
		{264E3CB7-A0E5-473C-AFBC-C12FB901B31C}.Release|Any CPU.Build.0 = Release|Any CPU
		{264E3CB7-A0E5-473C-AFBC-C12FB901B31C}.Release|x64.ActiveCfg = Release|Any CPU
		{264E3CB7-A0E5-473C-AFBC-C12FB901B31C}.Release|x64.Build.0 = Release|Any CPU
		{264E3CB7-A0E5-473C-AFBC-C12FB901B31C}.Release|x86.ActiveCfg = Release|Any CPU
		{264E3CB7-A0E5-473C-AFBC-C12FB901B31C}.Release|x86.Build.0 = Release|Any CPU
		{2E97686D-4935-417C-AD6A-454E3802CEA4}.Debug|Any CPU.ActiveCfg = Debug|Any CPU
		{2E97686D-4935-417C-AD6A-454E3802CEA4}.Debug|Any CPU.Build.0 = Debug|Any CPU
		{2E97686D-4935-417C-AD6A-454E3802CEA4}.Debug|x64.ActiveCfg = Debug|Any CPU
		{2E97686D-4935-417C-AD6A-454E3802CEA4}.Debug|x64.Build.0 = Debug|Any CPU
		{2E97686D-4935-417C-AD6A-454E3802CEA4}.Debug|x86.ActiveCfg = Debug|Any CPU
		{2E97686D-4935-417C-AD6A-454E3802CEA4}.Debug|x86.Build.0 = Debug|Any CPU
		{2E97686D-4935-417C-AD6A-454E3802CEA4}.Release|Any CPU.ActiveCfg = Release|Any CPU
		{2E97686D-4935-417C-AD6A-454E3802CEA4}.Release|Any CPU.Build.0 = Release|Any CPU
		{2E97686D-4935-417C-AD6A-454E3802CEA4}.Release|x64.ActiveCfg = Release|Any CPU
		{2E97686D-4935-417C-AD6A-454E3802CEA4}.Release|x64.Build.0 = Release|Any CPU
		{2E97686D-4935-417C-AD6A-454E3802CEA4}.Release|x86.ActiveCfg = Release|Any CPU
		{2E97686D-4935-417C-AD6A-454E3802CEA4}.Release|x86.Build.0 = Release|Any CPU
		{10F504C9-A551-419A-BCB6-92CF9A5C7CE1}.Debug|Any CPU.ActiveCfg = Debug|Any CPU
		{10F504C9-A551-419A-BCB6-92CF9A5C7CE1}.Debug|Any CPU.Build.0 = Debug|Any CPU
		{10F504C9-A551-419A-BCB6-92CF9A5C7CE1}.Debug|x64.ActiveCfg = Debug|Any CPU
		{10F504C9-A551-419A-BCB6-92CF9A5C7CE1}.Debug|x64.Build.0 = Debug|Any CPU
		{10F504C9-A551-419A-BCB6-92CF9A5C7CE1}.Debug|x86.ActiveCfg = Debug|Any CPU
		{10F504C9-A551-419A-BCB6-92CF9A5C7CE1}.Debug|x86.Build.0 = Debug|Any CPU
		{10F504C9-A551-419A-BCB6-92CF9A5C7CE1}.Release|Any CPU.ActiveCfg = Release|Any CPU
		{10F504C9-A551-419A-BCB6-92CF9A5C7CE1}.Release|Any CPU.Build.0 = Release|Any CPU
		{10F504C9-A551-419A-BCB6-92CF9A5C7CE1}.Release|x64.ActiveCfg = Release|Any CPU
		{10F504C9-A551-419A-BCB6-92CF9A5C7CE1}.Release|x64.Build.0 = Release|Any CPU
		{10F504C9-A551-419A-BCB6-92CF9A5C7CE1}.Release|x86.ActiveCfg = Release|Any CPU
		{10F504C9-A551-419A-BCB6-92CF9A5C7CE1}.Release|x86.Build.0 = Release|Any CPU
	EndGlobalSection
	GlobalSection(SolutionProperties) = preSolution
		HideSolutionNode = FALSE
	EndGlobalSection
	GlobalSection(NestedProjects) = preSolution
		{264E3CB7-A0E5-473C-AFBC-C12FB901B31C} = {167538FD-E8BC-4A3C-AE97-F328C4DFFFA5}
		{2E97686D-4935-417C-AD6A-454E3802CEA4} = {C7BF0D65-3B8A-4D2F-B9E5-B4A70162BABC}
		{10F504C9-A551-419A-BCB6-92CF9A5C7CE1} = {C7BF0D65-3B8A-4D2F-B9E5-B4A70162BABC}
	EndGlobalSection
	GlobalSection(ExtensibilityGlobals) = postSolution
		SolutionGuid = {C1141997-492B-4F16-A0D5-650965895DBC}
	EndGlobalSection
EndGlobal
